version = 1
revision = 3
requires-python = ">=3.13"

[[package]]
name = "bvef-injector"
version = "0.1.0"
source = { virtual = "." }
dependencies = [
    { name = "xmltodict" },
]

[package.metadata]
requires-dist = [{ name = "xmltodict", specifier = ">=1.0.4" }]

[[package]]
name = "xmltodict"
version = "1.0.4"
source = { registry = "https://pypi.org/simple" }
sdist = { url = "https://files.pythonhosted.org/packages/19/70/80f3b7c10d2630aa66414bf23d210386700aa390547278c789afa994fd7e/xmltodict-1.0.4.tar.gz", hash = "sha256:6d94c9f834dd9e44514162799d344d815a3a4faec913717a9ecbfa5be1bb8e61", size = 26124, upload-time = "2026-02-22T02:21:22.074Z" }
wheels = [
    { url = "https://files.pythonhosted.org/packages/38/34/98a2f52245f4d47be93b580dae5f9861ef58977d73a79eb47c58f1ad1f3a/xmltodict-1.0.4-py3-none-any.whl", hash = "sha256:a4a00d300b0e1c59fc2bfccb53d7b2e88c32f200df138a0dd2229f842497026a", size = 13580, upload-time = "2026-02-22T02:21:21.039Z" },
]
